
Microsoft Visual Studio Solution File, Format Version 12.00
# Visual Studio Version 17
VisualStudioVersion = 17.7.34202.233
MinimumVisualStudioVersion = 10.0.40219.1
Project("{FAE04EC0-301F-11D3-BF4B-00C04F79EFBC}") = "Grafy", "Grafy.csproj", "{D12AFF3B-30C0-48DF-BA34-2DC41E13A7A6}"
EndProject
Global
	GlobalSection(SolutionConfigurationPlatforms) = preSolution
		Debug|Any CPU = Debug|Any CPU
		Release|Any CPU = Release|Any CPU
	EndGlobalSection
	GlobalSection(ProjectConfigurationPlatforms) = postSolution
		{D12AFF3B-30C0-48DF-BA34-2DC41E13A7A6}.Debug|Any CPU.ActiveCfg = Debug|Any CPU
		{D12AFF3B-30C0-48DF-BA34-2DC41E13A7A6}.Debug|Any CPU.Build.0 = Debug|Any CPU
		{D12AFF3B-30C0-48DF-BA34-2DC41E13A7A6}.Release|Any CPU.ActiveCfg = Release|Any CPU
		{D12AFF3B-30C0-48DF-BA34-2DC41E13A7A6}.Release|Any CPU.Build.0 = Release|Any CPU
	EndGlobalSection
	GlobalSection(SolutionProperties) = preSolution
		HideSolutionNode = FALSE
	EndGlobalSection
	GlobalSection(ExtensibilityGlobals) = postSolution
		SolutionGuid = {F818383B-7310-4D6F-8E03-1735B9969C5B}
	EndGlobalSection
EndGlobal
